
Microsoft Visual Studio Solution File, Format Version 12.00
# Visual Studio 15
VisualStudioVersion = 15.0.27703.2026
MinimumVisualStudioVersion = 10.0.40219.1
Project("{FAE04EC0-301F-11D3-BF4B-00C04F79EFBC}") = "SistemaParqueo", "SistemaParqueo\SistemaParqueo.csproj", "{98F81A76-F5DA-4F00-9669-E5D686E91525}"
EndProject
Global
	GlobalSection(SolutionConfigurationPlatforms) = preSolution
		Debug|Any CPU = Debug|Any CPU
		Release|Any CPU = Release|Any CPU
	EndGlobalSection
	GlobalSection(ProjectConfigurationPlatforms) = postSolution
		{98F81A76-F5DA-4F00-9669-E5D686E91525}.Debug|Any CPU.ActiveCfg = Debug|Any CPU
		{98F81A76-F5DA-4F00-9669-E5D686E91525}.Debug|Any CPU.Build.0 = Debug|Any CPU
		{98F81A76-F5DA-4F00-9669-E5D686E91525}.Release|Any CPU.ActiveCfg = Release|Any CPU
		{98F81A76-F5DA-4F00-9669-E5D686E91525}.Release|Any CPU.Build.0 = Release|Any CPU
	EndGlobalSection
	GlobalSection(SolutionProperties) = preSolution
		HideSolutionNode = FALSE
	EndGlobalSection
	GlobalSection(ExtensibilityGlobals) = postSolution
		SolutionGuid = {97A6C839-9E4A-4DA4-82F8-BB32079B2CC6}
	EndGlobalSection
EndGlobal
